
Microsoft Visual Studio Solution File, Format Version 12.00
# Visual Studio 15
VisualStudioVersion = 15.0.27428.1
MinimumVisualStudioVersion = 10.0.40219.1
Project("{8BC9CEB8-8B4A-11D0-8D11-00A0C91BC942}") = "HW19_03", "HW19_03\HW19_03.vcxproj", "{BFECEDB4-4BE3-4DF0-BF77-1DA22DB1194C}"
EndProject
Global
	GlobalSection(SolutionConfigurationPlatforms) = preSolution
		Debug|x64 = Debug|x64
		Debug|x86 = Debug|x86
		Release|x64 = Release|x64
		Release|x86 = Release|x86
	EndGlobalSection
	GlobalSection(ProjectConfigurationPlatforms) = postSolution
		{BFECEDB4-4BE3-4DF0-BF77-1DA22DB1194C}.Debug|x64.ActiveCfg = Debug|x64
		{BFECEDB4-4BE3-4DF0-BF77-1DA22DB1194C}.Debug|x64.Build.0 = Debug|x64
		{BFECEDB4-4BE3-4DF0-BF77-1DA22DB1194C}.Debug|x86.ActiveCfg = Debug|Win32
		{BFECEDB4-4BE3-4DF0-BF77-1DA22DB1194C}.Debug|x86.Build.0 = Debug|Win32
		{BFECEDB4-4BE3-4DF0-BF77-1DA22DB1194C}.Release|x64.ActiveCfg = Release|x64
		{BFECEDB4-4BE3-4DF0-BF77-1DA22DB1194C}.Release|x64.Build.0 = Release|x64
		{BFECEDB4-4BE3-4DF0-BF77-1DA22DB1194C}.Release|x86.ActiveCfg = Release|Win32
		{BFECEDB4-4BE3-4DF0-BF77-1DA22DB1194C}.Release|x86.Build.0 = Release|Win32
	EndGlobalSection
	GlobalSection(SolutionProperties) = preSolution
		HideSolutionNode = FALSE
	EndGlobalSection
	GlobalSection(ExtensibilityGlobals) = postSolution
		SolutionGuid = {DECB26EF-4A61-4BCD-BB63-CD66404A23F5}
	EndGlobalSection
EndGlobal
